{
  "name": "backend",
  "lockfileVersion": 3,
  "requires": true,
  "packages": {
    "": {
      "dependencies": {
        "cssutils": "^1.0.0"
      }
    },
    "node_modules/cssutils": {
      "version": "1.0.0",
      "resolved": "https://registry.npmjs.org/cssutils/-/cssutils-1.0.0.tgz",
      "integrity": "sha512-9ryIbCMU/tdFf/jYb+KJutJSt1p5moiS5Bs4VyEjpCOdQ31qitMh4rkeO0uPuKFT340j2m6f+7sKKyvJytmH5Q==",
      "deprecated": "Unpublished by its original owner: do not use.",
      "license": "MIT"
    }
  }
}
